dependencies:
- name: sulu
  repository: http://charts.sulu.cloud/
  version: 1.3.3
- name: elasticsearch
  repository: http://charts.sulu.cloud/
  version: 1.0.0
- name: jackrabbit
  repository: http://charts.sulu.cloud/
  version: 1.0.0
- name: mediaproxy
  repository: http://charts.sulu.cloud/
  version: 1.0.0
digest: sha256:af923ceacf26463d1108fa8ab43ec7bd008a92e12d25cdf826dbb697a3eb5be8
generated: 2019-11-04T16:47:18.396001+01:00
